
Microsoft Visual Studio Solution File, Format Version 12.00
# Visual Studio Version 16
VisualStudioVersion = 25.0.1706.1
MinimumVisualStudioVersion = 10.0.40219.1
Project("{FAE04EC0-301F-11D3-BF4B-00C04F79EFBC}") = "KnowledgeCheck1_Calculator", "KnowledgeCheck1_Calculator.csproj", "{C40F8B0D-4EFF-4C58-B594-6B9F544447FB}"
EndProject
Global
	GlobalSection(SolutionConfigurationPlatforms) = preSolution
		Debug|Any CPU = Debug|Any CPU
		Release|Any CPU = Release|Any CPU
	EndGlobalSection
	GlobalSection(ProjectConfigurationPlatforms) = postSolution
		{C40F8B0D-4EFF-4C58-B594-6B9F544447FB}.Debug|Any CPU.ActiveCfg = Debug|Any CPU
		{C40F8B0D-4EFF-4C58-B594-6B9F544447FB}.Debug|Any CPU.Build.0 = Debug|Any CPU
		{C40F8B0D-4EFF-4C58-B594-6B9F544447FB}.Release|Any CPU.ActiveCfg = Release|Any CPU
		{C40F8B0D-4EFF-4C58-B594-6B9F544447FB}.Release|Any CPU.Build.0 = Release|Any CPU
	EndGlobalSection
	GlobalSection(SolutionProperties) = preSolution
		HideSolutionNode = FALSE
	EndGlobalSection
	GlobalSection(ExtensibilityGlobals) = postSolution
		SolutionGuid = {D2007E27-656D-46E1-89E2-E996544B695D}
	EndGlobalSection
EndGlobal
